// !$*UTF8*$!
{
	archiveVersion = 1;
	classes = {
	};
	objectVersion = 56;
	objects = {

/* Begin PBXBuildFile section */
		0F2CEB0B1C66B2266BE307A4 /* Pods_eliss_ios.framework in Frameworks */ = {isa = PBXBuildFile; fileRef = A029585A211351D3E49009EE /* Pods_eliss_ios.framework */; };
		2B0B720D29E62D610023F0E3 /* CameraController.swift in Sources */ = {isa = PBXBuildFile; fileRef = 2B0B720C29E62D610023F0E3 /* CameraController.swift */; };
		2B0B720F29E62EC10023F0E3 /* CameraPreview.swift in Sources */ = {isa = PBXBuildFile; fileRef = 2B0B720E29E62EC10023F0E3 /* CameraPreview.swift */; };
		2B140BCB29E12755007A9A66 /* CameraView.swift in Sources */ = {isa = PBXBuildFile; fileRef = 2B140BCA29E12755007A9A66 /* CameraView.swift */; };
		2B140BCD29E139FD007A9A66 /* UIUtilities.swift in Sources */ = {isa = PBXBuildFile; fileRef = 2B140BCC29E139FD007A9A66 /* UIUtilities.swift */; };
		2B20355E29E818B00065AC4D /* PoseDetect.swift in Sources */ = {isa = PBXBuildFile; fileRef = 2B20355D29E818B00065AC4D /* PoseDetect.swift */; };
		2B49B4A629E04C4800C87DA6 /* eliss_iosApp.swift in Sources */ = {isa = PBXBuildFile; fileRef = 2B49B4A529E04C4800C87DA6 /* eliss_iosApp.swift */; };
		2B49B4A829E04C4800C87DA6 /* ContentView.swift in Sources */ = {isa = PBXBuildFile; fileRef = 2B49B4A729E04C4800C87DA6 /* ContentView.swift */; };
		2B49B4AA29E04C4A00C87DA6 /* Assets.xcassets in Resources */ = {isa = PBXBuildFile; fileRef = 2B49B4A929E04C4A00C87DA6 /* Assets.xcassets */; };
		2B49B4AD29E04C4A00C87DA6 /* Preview Assets.xcassets in Resources */ = {isa = PBXBuildFile; fileRef = 2B49B4AC29E04C4A00C87DA6 /* Preview Assets.xcassets */; };
		2B49B4B729E04C4A00C87DA6 /* eliss_iosTests.swift in Sources */ = {isa = PBXBuildFile; fileRef = 2B49B4B629E04C4A00C87DA6 /* eliss_iosTests.swift */; };
		2B49B4C129E04C4A00C87DA6 /* eliss_iosUITests.swift in Sources */ = {isa = PBXBuildFile; fileRef = 2B49B4C029E04C4A00C87DA6 /* eliss_iosUITests.swift */; };
		2B49B4C329E04C4A00C87DA6 /* eliss_iosUITestsLaunchTests.swift in Sources */ = {isa = PBXBuildFile; fileRef = 2B49B4C229E04C4A00C87DA6 /* eliss_iosUITestsLaunchTests.swift */; };
		2B49B4D029E04DE100C87DA6 /* DataModel.swift in Sources */ = {isa = PBXBuildFile; fileRef = 2B49B4CF29E04DE100C87DA6 /* DataModel.swift */; };
		2B49B4D229E04EF400C87DA6 /* Camera.swift in Sources */ = {isa = PBXBuildFile; fileRef = 2B49B4D129E04EF400C87DA6 /* Camera.swift */; };
		F3EBE2D07A8A64FE548E3A50 /* Pods_eliss_ios_eliss_iosUITests.framework in Frameworks */ = {isa = PBXBuildFile; fileRef = 33342BDE8272A4D6DFAF7A8E /* Pods_eliss_ios_eliss_iosUITests.framework */; };
		F66DFDCCB4489CF48A8D0514 /* Pods_eliss_iosTests.framework in Frameworks */ = {isa = PBXBuildFile; fileRef = A918230DEC719360B849F3B5 /* Pods_eliss_iosTests.framework */; };
/* End PBXBuildFile section */

/* Begin PBXContainerItemProxy section */
		2B49B4B329E04C4A00C87DA6 /* PBXContainerItemProxy */ = {
			isa = PBXContainerItemProxy;
			containerPortal = 2B49B49A29E04C4800C87DA6 /* Project object */;
			proxyType = 1;
			remoteGlobalIDString = 2B49B4A129E04C4800C87DA6;
			remoteInfo = "eliss ios";
		};
		2B49B4BD29E04C4A00C87DA6 /* PBXContainerItemProxy */ = {
			isa = PBXContainerItemProxy;
			containerPortal = 2B49B49A29E04C4800C87DA6 /* Project object */;
			proxyType = 1;
			remoteGlobalIDString = 2B49B4A129E04C4800C87DA6;
			remoteInfo = "eliss ios";
		};
/* End PBXContainerItemProxy section */

/* Begin PBXFileReference section */
		2B0B720C29E62D610023F0E3 /* CameraController.swift */ = {isa = PBXFileReference; lastKnownFileType = sourcecode.swift; path = CameraController.swift; sourceTree = "<group>"; };
		2B0B720E29E62EC10023F0E3 /* CameraPreview.swift */ = {isa = PBXFileReference; lastKnownFileType = sourcecode.swift; path = CameraPreview.swift; sourceTree = "<group>"; };
		2B140BCA29E12755007A9A66 /* CameraView.swift */ = {isa = PBXFileReference; lastKnownFileType = sourcecode.swift; path = CameraView.swift; sourceTree = "<group>"; };
		2B140BCC29E139FD007A9A66 /* UIUtilities.swift */ = {isa = PBXFileReference; lastKnownFileType = sourcecode.swift; path = UIUtilities.swift; sourceTree = "<group>"; };
		2B20355D29E818B00065AC4D /* PoseDetect.swift */ = {isa = PBXFileReference; lastKnownFileType = sourcecode.swift; path = PoseDetect.swift; sourceTree = "<group>"; };
		2B49B4A229E04C4800C87DA6 /* eliss ios.app */ = {isa = PBXFileReference; explicitFileType = wrapper.application; includeInIndex = 0; path = "eliss ios.app"; sourceTree = BUILT_PRODUCTS_DIR; };
		2B49B4A529E04C4800C87DA6 /* eliss_iosApp.swift */ = {isa = PBXFileReference; lastKnownFileType = sourcecode.swift; path = eliss_iosApp.swift; sourceTree = "<group>"; };
		2B49B4A729E04C4800C87DA6 /* ContentView.swift */ = {isa = PBXFileReference; lastKnownFileType = sourcecode.swift; path = ContentView.swift; sourceTree = "<group>"; };
		2B49B4A929E04C4A00C87DA6 /* Assets.xcassets */ = {isa = PBXFileReference; lastKnownFileType = folder.assetcatalog; path = Assets.xcassets; sourceTree = "<group>"; };
		2B49B4AC29E04C4A00C87DA6 /* Preview Assets.xcassets */ = {isa = PBXFileReference; lastKnownFileType = folder.assetcatalog; path = "Preview Assets.xcassets"; sourceTree = "<group>"; };
		2B49B4B229E04C4A00C87DA6 /* eliss iosTests.xctest */ = {isa = PBXFileReference; explicitFileType = wrapper.cfbundle; includeInIndex = 0; path = "eliss iosTests.xctest"; sourceTree = BUILT_PRODUCTS_DIR; };
		2B49B4B629E04C4A00C87DA6 /* eliss_iosTests.swift */ = {isa = PBXFileReference; lastKnownFileType = sourcecode.swift; path = eliss_iosTests.swift; sourceTree = "<group>"; };
		2B49B4BC29E04C4A00C87DA6 /* eliss iosUITests.xctest */ = {isa = PBXFileReference; explicitFileType = wrapper.cfbundle; includeInIndex = 0; path = "eliss iosUITests.xctest"; sourceTree = BUILT_PRODUCTS_DIR; };
		2B49B4C029E04C4A00C87DA6 /* eliss_iosUITests.swift */ = {isa = PBXFileReference; lastKnownFileType = sourcecode.swift; path = eliss_iosUITests.swift; sourceTree = "<group>"; };
		2B49B4C229E04C4A00C87DA6 /* eliss_iosUITestsLaunchTests.swift */ = {isa = PBXFileReference; lastKnownFileType = sourcecode.swift; path = eliss_iosUITestsLaunchTests.swift; sourceTree = "<group>"; };
		2B49B4CF29E04DE100C87DA6 /* DataModel.swift */ = {isa = PBXFileReference; lastKnownFileType = sourcecode.swift; path = DataModel.swift; sourceTree = "<group>"; };
		2B49B4D129E04EF400C87DA6 /* Camera.swift */ = {isa = PBXFileReference; lastKnownFileType = sourcecode.swift; path = Camera.swift; sourceTree = "<group>"; };
		33342BDE8272A4D6DFAF7A8E /* Pods_eliss_ios_eliss_iosUITests.framework */ = {isa = PBXFileReference; explicitFileType = wrapper.framework; includeInIndex = 0; path = Pods_eliss_ios_eliss_iosUITests.framework; sourceTree = BUILT_PRODUCTS_DIR; };
		4E3BB4064EC3F5BE4E6D9184 /* Pods-eliss ios.debug.xcconfig */ = {isa = PBXFileReference; includeInIndex = 1; lastKnownFileType = text.xcconfig; name = "Pods-eliss ios.debug.xcconfig"; path = "Target Support Files/Pods-eliss ios/Pods-eliss ios.debug.xcconfig"; sourceTree = "<group>"; };
		769B17AEC4FDB9BE9F125730 /* Pods-eliss ios.release.xcconfig */ = {isa = PBXFileReference; includeInIndex = 1; lastKnownFileType = text.xcconfig; name = "Pods-eliss ios.release.xcconfig"; path = "Target Support Files/Pods-eliss ios/Pods-eliss ios.release.xcconfig"; sourceTree = "<group>"; };
		A029585A211351D3E49009EE /* Pods_eliss_ios.framework */ = {isa = PBXFileReference; explicitFileType = wrapper.framework; includeInIndex = 0; path = Pods_eliss_ios.framework; sourceTree = BUILT_PRODUCTS_DIR; };
		A918230DEC719360B849F3B5 /* Pods_eliss_iosTests.framework */ = {isa = PBXFileReference; explicitFileType = wrapper.framework; includeInIndex = 0; path = Pods_eliss_iosTests.framework; sourceTree = BUILT_PRODUCTS_DIR; };
		AABBE423ABA95E181CD85E0F /* Pods-eliss iosTests.release.xcconfig */ = {isa = PBXFileReference; includeInIndex = 1; lastKnownFileType = text.xcconfig; name = "Pods-eliss iosTests.release.xcconfig"; path = "Target Support Files/Pods-eliss iosTests/Pods-eliss iosTests.release.xcconfig"; sourceTree = "<group>"; };
		D0F31DB91C6DB58BA5FF271B /* Pods-eliss ios-eliss iosUITests.debug.xcconfig */ = {isa = PBXFileReference; includeInIndex = 1; lastKnownFileType = text.xcconfig; name = "Pods-eliss ios-eliss iosUITests.debug.xcconfig"; path = "Target Support Files/Pods-eliss ios-eliss iosUITests/Pods-eliss ios-eliss iosUITests.debug.xcconfig"; sourceTree = "<group>"; };
		D2E5290575A41CE4EDF5D4AD /* Pods-eliss ios-eliss iosUITests.release.xcconfig */ = {isa = PBXFileReference; includeInIndex = 1; lastKnownFileType = text.xcconfig; name = "Pods-eliss ios-eliss iosUITests.release.xcconfig"; path = "Target Support Files/Pods-eliss ios-eliss iosUITests/Pods-eliss ios-eliss iosUITests.release.xcconfig"; sourceTree = "<group>"; };
		E8A7B3E39371FE95034D912C /* Pods-eliss iosTests.debug.xcconfig */ = {isa = PBXFileReference; includeInIndex = 1; lastKnownFileType = text.xcconfig; name = "Pods-eliss iosTests.debug.xcconfig"; path = "Target Support Files/Pods-eliss iosTests/Pods-eliss iosTests.debug.xcconfig"; sourceTree = "<group>"; };
/* End PBXFileReference section */

/* Begin PBXFrameworksBuildPhase section */
		2B49B49F29E04C4800C87DA6 /* Frameworks */ = {
			isa = PBXFrameworksBuildPhase;
			buildActionMask = 2147483647;
			files = (
				0F2CEB0B1C66B2266BE307A4 /* Pods_eliss_ios.framework in Frameworks */,
			);
			runOnlyForDeploymentPostprocessing = 0;
		};
		2B49B4AF29E04C4A00C87DA6 /* Frameworks */ = {
			isa = PBXFrameworksBuildPhase;
			buildActionMask = 2147483647;
			files = (
				F66DFDCCB4489CF48A8D0514 /* Pods_eliss_iosTests.framework in Frameworks */,
			);
			runOnlyForDeploymentPostprocessing = 0;
		};
		2B49B4B929E04C4A00C87DA6 /* Frameworks */ = {
			isa = PBXFrameworksBuildPhase;
			buildActionMask = 2147483647;
			files = (
				F3EBE2D07A8A64FE548E3A50 /* Pods_eliss_ios_eliss_iosUITests.framework in Frameworks */,
			);
			runOnlyForDeploymentPostprocessing = 0;
		};
/* End PBXFrameworksBuildPhase section */

/* Begin PBXGroup section */
		2B49B49929E04C4800C87DA6 = {
			isa = PBXGroup;
			children = (
				2B49B4A429E04C4800C87DA6 /* eliss ios */,
				2B49B4B529E04C4A00C87DA6 /* eliss iosTests */,
				2B49B4BF29E04C4A00C87DA6 /* eliss iosUITests */,
				2B49B4A329E04C4800C87DA6 /* Products */,
				3CC5CA95984A6D260B14A504 /* Pods */,
				F1ED69B9177725219CE89DAB /* Frameworks */,
			);
			sourceTree = "<group>";
		};
		2B49B4A329E04C4800C87DA6 /* Products */ = {
			isa = PBXGroup;
			children = (
				2B49B4A229E04C4800C87DA6 /* eliss ios.app */,
				2B49B4B229E04C4A00C87DA6 /* eliss iosTests.xctest */,
				2B49B4BC29E04C4A00C87DA6 /* eliss iosUITests.xctest */,
			);
			name = Products;
			sourceTree = "<group>";
		};
		2B49B4A429E04C4800C87DA6 /* eliss ios */ = {
			isa = PBXGroup;
			children = (
				2B49B4A529E04C4800C87DA6 /* eliss_iosApp.swift */,
				2B49B4A729E04C4800C87DA6 /* ContentView.swift */,
				2B140BCA29E12755007A9A66 /* CameraView.swift */,
				2B49B4CF29E04DE100C87DA6 /* DataModel.swift */,
				2B49B4D129E04EF400C87DA6 /* Camera.swift */,
				2B140BCC29E139FD007A9A66 /* UIUtilities.swift */,
				2B49B4A929E04C4A00C87DA6 /* Assets.xcassets */,
				2B49B4AB29E04C4A00C87DA6 /* Preview Content */,
				2B0B720C29E62D610023F0E3 /* CameraController.swift */,
				2B0B720E29E62EC10023F0E3 /* CameraPreview.swift */,
				2B20355D29E818B00065AC4D /* PoseDetect.swift */,
			);
			path = "eliss ios";
			sourceTree = "<group>";
		};
		2B49B4AB29E04C4A00C87DA6 /* Preview Content */ = {
			isa = PBXGroup;
			children = (
				2B49B4AC29E04C4A00C87DA6 /* Preview Assets.xcassets */,
			);
			path = "Preview Content";
			sourceTree = "<group>";
		};
		2B49B4B529E04C4A00C87DA6 /* eliss iosTests */ = {
			isa = PBXGroup;
			children = (
				2B49B4B629E04C4A00C87DA6 /* eliss_iosTests.swift */,
			);
			path = "eliss iosTests";
			sourceTree = "<group>";
		};
		2B49B4BF29E04C4A00C87DA6 /* eliss iosUITests */ = {
			isa = PBXGroup;
			children = (
				2B49B4C029E04C4A00C87DA6 /* eliss_iosUITests.swift */,
				2B49B4C229E04C4A00C87DA6 /* eliss_iosUITestsLaunchTests.swift */,
			);
			path = "eliss iosUITests";
			sourceTree = "<group>";
		};
		3CC5CA95984A6D260B14A504 /* Pods */ = {
			isa = PBXGroup;
			children = (
				4E3BB4064EC3F5BE4E6D9184 /* Pods-eliss ios.debug.xcconfig */,
				769B17AEC4FDB9BE9F125730 /* Pods-eliss ios.release.xcconfig */,
				D0F31DB91C6DB58BA5FF271B /* Pods-eliss ios-eliss iosUITests.debug.xcconfig */,
				D2E5290575A41CE4EDF5D4AD /* Pods-eliss ios-eliss iosUITests.release.xcconfig */,
				E8A7B3E39371FE95034D912C /* Pods-eliss iosTests.debug.xcconfig */,
				AABBE423ABA95E181CD85E0F /* Pods-eliss iosTests.release.xcconfig */,
			);
			path = Pods;
			sourceTree = "<group>";
		};
		F1ED69B9177725219CE89DAB /* Frameworks */ = {
			isa = PBXGroup;
			children = (
				A029585A211351D3E49009EE /* Pods_eliss_ios.framework */,
				33342BDE8272A4D6DFAF7A8E /* Pods_eliss_ios_eliss_iosUITests.framework */,
				A918230DEC719360B849F3B5 /* Pods_eliss_iosTests.framework */,
			);
			name = Frameworks;
			sourceTree = "<group>";
		};
/* End PBXGroup section */

/* Begin PBXNativeTarget section */
		2B49B4A129E04C4800C87DA6 /* eliss ios */ = {
			isa = PBXNativeTarget;
			buildConfigurationList = 2B49B4C629E04C4A00C87DA6 /* Build configuration list for PBXNativeTarget "eliss ios" */;
			buildPhases = (
				07A250C7479754DD2D285F0D /* [CP] Check Pods Manifest.lock */,
				2B49B49E29E04C4800C87DA6 /* Sources */,
				2B49B49F29E04C4800C87DA6 /* Frameworks */,
				2B49B4A029E04C4800C87DA6 /* Resources */,
				946160917B65AD61700BF1B4 /* [CP] Embed Pods Frameworks */,
				3E44DC6AE6259AF86C9EED96 /* [CP] Copy Pods Resources */,
			);
			buildRules = (
			);
			dependencies = (
			);
			name = "eliss ios";
			productName = "eliss ios";
			productReference = 2B49B4A229E04C4800C87DA6 /* eliss ios.app */;
			productType = "com.apple.product-type.application";
		};
		2B49B4B129E04C4A00C87DA6 /* eliss iosTests */ = {
			isa = PBXNativeTarget;
			buildConfigurationList = 2B49B4C929E04C4A00C87DA6 /* Build configuration list for PBXNativeTarget "eliss iosTests" */;
			buildPhases = (
				1917245B4FBA2A00A40DB5EB /* [CP] Check Pods Manifest.lock */,
				2B49B4AE29E04C4A00C87DA6 /* Sources */,
				2B49B4AF29E04C4A00C87DA6 /* Frameworks */,
				2B49B4B029E04C4A00C87DA6 /* Resources */,
			);
			buildRules = (
			);
			dependencies = (
				2B49B4B429E04C4A00C87DA6 /* PBXTargetDependency */,
			);
			name = "eliss iosTests";
			productName = "eliss iosTests";
			productReference = 2B49B4B229E04C4A00C87DA6 /* eliss iosTests.xctest */;
			productType = "com.apple.product-type.bundle.unit-test";
		};
		2B49B4BB29E04C4A00C87DA6 /* eliss iosUITests */ = {
			isa = PBXNativeTarget;
			buildConfigurationList = 2B49B4CC29E04C4A00C87DA6 /* Build configuration list for PBXNativeTarget "eliss iosUITests" */;
			buildPhases = (
				F4C1F4D1EC368DB4D5072C13 /* [CP] Check Pods Manifest.lock */,
				2B49B4B829E04C4A00C87DA6 /* Sources */,
				2B49B4B929E04C4A00C87DA6 /* Frameworks */,
				2B49B4BA29E04C4A00C87DA6 /* Resources */,
				952F1080DAFD97F9B7712EEF /* [CP] Embed Pods Frameworks */,
				9C5C2F074D39A90474581930 /* [CP] Copy Pods Resources */,
			);
			buildRules = (
			);
			dependencies = (
				2B49B4BE29E04C4A00C87DA6 /* PBXTargetDependency */,
			);
			name = "eliss iosUITests";
			productName = "eliss iosUITests";
			productReference = 2B49B4BC29E04C4A00C87DA6 /* eliss iosUITests.xctest */;
			productType = "com.apple.product-type.bundle.ui-testing";
		};
/* End PBXNativeTarget section */

/* Begin PBXProject section */
		2B49B49A29E04C4800C87DA6 /* Project object */ = {
			isa = PBXProject;
			attributes = {
				BuildIndependentTargetsInParallel = 1;
				LastSwiftUpdateCheck = 1430;
				LastUpgradeCheck = 1430;
				TargetAttributes = {
					2B49B4A129E04C4800C87DA6 = {
						CreatedOnToolsVersion = 14.3;
					};
					2B49B4B129E04C4A00C87DA6 = {
						CreatedOnToolsVersion = 14.3;
						TestTargetID = 2B49B4A129E04C4800C87DA6;
					};
					2B49B4BB29E04C4A00C87DA6 = {
						CreatedOnToolsVersion = 14.3;
						TestTargetID = 2B49B4A129E04C4800C87DA6;
					};
				};
			};
			buildConfigurationList = 2B49B49D29E04C4800C87DA6 /* Build configuration list for PBXProject "eliss ios" */;
			compatibilityVersion = "Xcode 14.0";
			developmentRegion = en;
			hasScannedForEncodings = 0;
			knownRegions = (
				en,
				Base,
			);
			mainGroup = 2B49B49929E04C4800C87DA6;
			productRefGroup = 2B49B4A329E04C4800C87DA6 /* Products */;
			projectDirPath = "";
			projectRoot = "";
			targets = (
				2B49B4A129E04C4800C87DA6 /* eliss ios */,
				2B49B4B129E04C4A00C87DA6 /* eliss iosTests */,
				2B49B4BB29E04C4A00C87DA6 /* eliss iosUITests */,
			);
		};
/* End PBXProject section */

/* Begin PBXResourcesBuildPhase section */
		2B49B4A029E04C4800C87DA6 /* Resources */ = {
			isa = PBXResourcesBuildPhase;
			buildActionMask = 2147483647;
			files = (
				2B49B4AD29E04C4A00C87DA6 /* Preview Assets.xcassets in Resources */,
				2B49B4AA29E04C4A00C87DA6 /* Assets.xcassets in Resources */,
			);
			runOnlyForDeploymentPostprocessing = 0;
		};
		2B49B4B029E04C4A00C87DA6 /* Resources */ = {
			isa = PBXResourcesBuildPhase;
			buildActionMask = 2147483647;
			files = (
			);
			runOnlyForDeploymentPostprocessing = 0;
		};
		2B49B4BA29E04C4A00C87DA6 /* Resources */ = {
			isa = PBXResourcesBuildPhase;
			buildActionMask = 2147483647;
			files = (
			);
			runOnlyForDeploymentPostprocessing = 0;
		};
/* End PBXResourcesBuildPhase section */

/* Begin PBXShellScriptBuildPhase section */
		07A250C7479754DD2D285F0D /* [CP] Check Pods Manifest.lock */ = {
			isa = PBXShellScriptBuildPhase;
			buildActionMask = 2147483647;
			files = (
			);
			inputFileListPaths = (
			);
			inputPaths = (
				"${PODS_PODFILE_DIR_PATH}/Podfile.lock",
				"${PODS_ROOT}/Manifest.lock",
			);
			name = "[CP] Check Pods Manifest.lock";
			outputFileListPaths = (
			);
			outputPaths = (
				"$(DERIVED_FILE_DIR)/Pods-eliss ios-checkManifestLockResult.txt",
			);
			runOnlyForDeploymentPostprocessing = 0;
			shellPath = /bin/sh;
			shellScript = "diff \"${PODS_PODFILE_DIR_PATH}/Podfile.lock\" \"${PODS_ROOT}/Manifest.lock\" > /dev/null\nif [ $? != 0 ] ; then\n    # print error to STDERR\n    echo \"error: The sandbox is not in sync with the Podfile.lock. Run 'pod install' or update your CocoaPods installation.\" >&2\n    exit 1\nfi\n# This output is used by Xcode 'outputs' to avoid re-running this script phase.\necho \"SUCCESS\" > \"${SCRIPT_OUTPUT_FILE_0}\"\n";
			showEnvVarsInLog = 0;
		};
		1917245B4FBA2A00A40DB5EB /* [CP] Check Pods Manifest.lock */ = {
			isa = PBXShellScriptBuildPhase;
			buildActionMask = 2147483647;
			files = (
			);
			inputFileListPaths = (
			);
			inputPaths = (
				"${PODS_PODFILE_DIR_PATH}/Podfile.lock",
				"${PODS_ROOT}/Manifest.lock",
			);
			name = "[CP] Check Pods Manifest.lock";
			outputFileListPaths = (
			);
			outputPaths = (
				"$(DERIVED_FILE_DIR)/Pods-eliss iosTests-checkManifestLockResult.txt",
			);
			runOnlyForDeploymentPostprocessing = 0;
			shellPath = /bin/sh;
			shellScript = "diff \"${PODS_PODFILE_DIR_PATH}/Podfile.lock\" \"${PODS_ROOT}/Manifest.lock\" > /dev/null\nif [ $? != 0 ] ; then\n    # print error to STDERR\n    echo \"error: The sandbox is not in sync with the Podfile.lock. Run 'pod install' or update your CocoaPods installation.\" >&2\n    exit 1\nfi\n# This output is used by Xcode 'outputs' to avoid re-running this script phase.\necho \"SUCCESS\" > \"${SCRIPT_OUTPUT_FILE_0}\"\n";
			showEnvVarsInLog = 0;
		};
		3E44DC6AE6259AF86C9EED96 /* [CP] Copy Pods Resources */ = {
			isa = PBXShellScriptBuildPhase;
			buildActionMask = 2147483647;
			files = (
			);
			inputFileListPaths = (
				"${PODS_ROOT}/Target Support Files/Pods-eliss ios/Pods-eliss ios-resources-${CONFIGURATION}-input-files.xcfilelist",
			);
			name = "[CP] Copy Pods Resources";
			outputFileListPaths = (
				"${PODS_ROOT}/Target Support Files/Pods-eliss ios/Pods-eliss ios-resources-${CONFIGURATION}-output-files.xcfilelist",
			);
			runOnlyForDeploymentPostprocessing = 0;
			shellPath = /bin/sh;
			shellScript = "\"${PODS_ROOT}/Target Support Files/Pods-eliss ios/Pods-eliss ios-resources.sh\"\n";
			showEnvVarsInLog = 0;
		};
		946160917B65AD61700BF1B4 /* [CP] Embed Pods Frameworks */ = {
			isa = PBXShellScriptBuildPhase;
			buildActionMask = 2147483647;
			files = (
			);
			inputFileListPaths = (
				"${PODS_ROOT}/Target Support Files/Pods-eliss ios/Pods-eliss ios-frameworks-${CONFIGURATION}-input-files.xcfilelist",
			);
			name = "[CP] Embed Pods Frameworks";
			outputFileListPaths = (
				"${PODS_ROOT}/Target Support Files/Pods-eliss ios/Pods-eliss ios-frameworks-${CONFIGURATION}-output-files.xcfilelist",
			);
			runOnlyForDeploymentPostprocessing = 0;
			shellPath = /bin/sh;
			shellScript = "\"${PODS_ROOT}/Target Support Files/Pods-eliss ios/Pods-eliss ios-frameworks.sh\"\n";
			showEnvVarsInLog = 0;
		};
		952F1080DAFD97F9B7712EEF /* [CP] Embed Pods Frameworks */ = {
			isa = PBXShellScriptBuildPhase;
			buildActionMask = 2147483647;
			files = (
			);
			inputFileListPaths = (
				"${PODS_ROOT}/Target Support Files/Pods-eliss ios-eliss iosUITests/Pods-eliss ios-eliss iosUITests-frameworks-${CONFIGURATION}-input-files.xcfilelist",
			);
			name = "[CP] Embed Pods Frameworks";
			outputFileListPaths = (
				"${PODS_ROOT}/Target Support Files/Pods-eliss ios-eliss iosUITests/Pods-eliss ios-eliss iosUITests-frameworks-${CONFIGURATION}-output-files.xcfilelist",
			);
			runOnlyForDeploymentPostprocessing = 0;
			shellPath = /bin/sh;
			shellScript = "\"${PODS_ROOT}/Target Support Files/Pods-eliss ios-eliss iosUITests/Pods-eliss ios-eliss iosUITests-frameworks.sh\"\n";
			showEnvVarsInLog = 0;
		};
		9C5C2F074D39A90474581930 /* [CP] Copy Pods Resources */ = {
			isa = PBXShellScriptBuildPhase;
			buildActionMask = 2147483647;
			files = (
			);
			inputFileListPaths = (
				"${PODS_ROOT}/Target Support Files/Pods-eliss ios-eliss iosUITests/Pods-eliss ios-eliss iosUITests-resources-${CONFIGURATION}-input-files.xcfilelist",
			);
			name = "[CP] Copy Pods Resources";
			outputFileListPaths = (
				"${PODS_ROOT}/Target Support Files/Pods-eliss ios-eliss iosUITests/Pods-eliss ios-eliss iosUITests-resources-${CONFIGURATION}-output-files.xcfilelist",
			);
			runOnlyForDeploymentPostprocessing = 0;
			shellPath = /bin/sh;
			shellScript = "\"${PODS_ROOT}/Target Support Files/Pods-eliss ios-eliss iosUITests/Pods-eliss ios-eliss iosUITests-resources.sh\"\n";
			showEnvVarsInLog = 0;
		};
		F4C1F4D1EC368DB4D5072C13 /* [CP] Check Pods Manifest.lock */ = {
			isa = PBXShellScriptBuildPhase;
			buildActionMask = 2147483647;
			files = (
			);
			inputFileListPaths = (
			);
			inputPaths = (
				"${PODS_PODFILE_DIR_PATH}/Podfile.lock",
				"${PODS_ROOT}/Manifest.lock",
			);
			name = "[CP] Check Pods Manifest.lock";
			outputFileListPaths = (
			);
			outputPaths = (
				"$(DERIVED_FILE_DIR)/Pods-eliss ios-eliss iosUITests-checkManifestLockResult.txt",
			);
			runOnlyForDeploymentPostprocessing = 0;
			shellPath = /bin/sh;
			shellScript = "diff \"${PODS_PODFILE_DIR_PATH}/Podfile.lock\" \"${PODS_ROOT}/Manifest.lock\" > /dev/null\nif [ $? != 0 ] ; then\n    # print error to STDERR\n    echo \"error: The sandbox is not in sync with the Podfile.lock. Run 'pod install' or update your CocoaPods installation.\" >&2\n    exit 1\nfi\n# This output is used by Xcode 'outputs' to avoid re-running this script phase.\necho \"SUCCESS\" > \"${SCRIPT_OUTPUT_FILE_0}\"\n";
			showEnvVarsInLog = 0;
		};
/* End PBXShellScriptBuildPhase section */

/* Begin PBXSourcesBuildPhase section */
		2B49B49E29E04C4800C87DA6 /* Sources */ = {
			isa = PBXSourcesBuildPhase;
			buildActionMask = 2147483647;
			files = (
				2B49B4A829E04C4800C87DA6 /* ContentView.swift in Sources */,
				2B49B4D229E04EF400C87DA6 /* Camera.swift in Sources */,
				2B49B4A629E04C4800C87DA6 /* eliss_iosApp.swift in Sources */,
				2B0B720F29E62EC10023F0E3 /* CameraPreview.swift in Sources */,
				2B140BCB29E12755007A9A66 /* CameraView.swift in Sources */,
				2B20355E29E818B00065AC4D /* PoseDetect.swift in Sources */,
				2B140BCD29E139FD007A9A66 /* UIUtilities.swift in Sources */,
				2B0B720D29E62D610023F0E3 /* CameraController.swift in Sources */,
				2B49B4D029E04DE100C87DA6 /* DataModel.swift in Sources */,
			);
			runOnlyForDeploymentPostprocessing = 0;
		};
		2B49B4AE29E04C4A00C87DA6 /* Sources */ = {
			isa = PBXSourcesBuildPhase;
			buildActionMask = 2147483647;
			files = (
				2B49B4B729E04C4A00C87DA6 /* eliss_iosTests.swift in Sources */,
			);
			runOnlyForDeploymentPostprocessing = 0;
		};
		2B49B4B829E04C4A00C87DA6 /* Sources */ = {
			isa = PBXSourcesBuildPhase;
			buildActionMask = 2147483647;
			files = (
				2B49B4C129E04C4A00C87DA6 /* eliss_iosUITests.swift in Sources */,
				2B49B4C329E04C4A00C87DA6 /* eliss_iosUITestsLaunchTests.swift in Sources */,
			);
			runOnlyForDeploymentPostprocessing = 0;
		};
/* End PBXSourcesBuildPhase section */

/* Begin PBXTargetDependency section */
		2B49B4B429E04C4A00C87DA6 /* PBXTargetDependency */ = {
			isa = PBXTargetDependency;
			target = 2B49B4A129E04C4800C87DA6 /* eliss ios */;
			targetProxy = 2B49B4B329E04C4A00C87DA6 /* PBXContainerItemProxy */;
		};
		2B49B4BE29E04C4A00C87DA6 /* PBXTargetDependency */ = {
			isa = PBXTargetDependency;
			target = 2B49B4A129E04C4800C87DA6 /* eliss ios */;
			targetProxy = 2B49B4BD29E04C4A00C87DA6 /* PBXContainerItemProxy */;
		};
/* End PBXTargetDependency section */

/* Begin XCBuildConfiguration section */
		2B49B4C429E04C4A00C87DA6 /* Debug */ = {
			isa = XCBuildConfiguration;
			buildSettings = {
				ALWAYS_SEARCH_USER_PATHS = NO;
				CLANG_ANALYZER_NONNULL = YES;
				CLANG_ANALYZER_NUMBER_OBJECT_CONVERSION = YES_AGGRESSIVE;
				CLANG_CXX_LANGUAGE_STANDARD = "gnu++20";
				CLANG_ENABLE_MODULES = YES;
				CLANG_ENABLE_OBJC_ARC = YES;
				CLANG_ENABLE_OBJC_WEAK = YES;
				CLANG_WARN_BLOCK_CAPTURE_AUTORELEASING = YES;
				CLANG_WARN_BOOL_CONVERSION = YES;
				CLANG_WARN_COMMA = YES;
				CLANG_WARN_CONSTANT_CONVERSION = YES;
				CLANG_WARN_DEPRECATED_OBJC_IMPLEMENTATIONS = YES;
				CLANG_WARN_DIRECT_OBJC_ISA_USAGE = YES_ERROR;
				CLANG_WARN_DOCUMENTATION_COMMENTS = YES;
				CLANG_WARN_EMPTY_BODY = YES;
				CLANG_WARN_ENUM_CONVERSION = YES;
				CLANG_WARN_INFINITE_RECURSION = YES;
				CLANG_WARN_INT_CONVERSION = YES;
				CLANG_WARN_NON_LITERAL_NULL_CONVERSION = YES;
				CLANG_WARN_OBJC_IMPLICIT_RETAIN_SELF = YES;
				CLANG_WARN_OBJC_LITERAL_CONVERSION = YES;
				CLANG_WARN_OBJC_ROOT_CLASS = YES_ERROR;
				CLANG_WARN_QUOTED_INCLUDE_IN_FRAMEWORK_HEADER = YES;
				CLANG_WARN_RANGE_LOOP_ANALYSIS = YES;
				CLANG_WARN_STRICT_PROTOTYPES = YES;
				CLANG_WARN_SUSPICIOUS_MOVE = YES;
				CLANG_WARN_UNGUARDED_AVAILABILITY = YES_AGGRESSIVE;
				CLANG_WARN_UNREACHABLE_CODE = YES;
				CLANG_WARN__DUPLICATE_METHOD_MATCH = YES;
				COPY_PHASE_STRIP = NO;
				DEBUG_INFORMATION_FORMAT = dwarf;
				ENABLE_STRICT_OBJC_MSGSEND = YES;
				ENABLE_TESTABILITY = YES;
				GCC_C_LANGUAGE_STANDARD = gnu11;
				GCC_DYNAMIC_NO_PIC = NO;
				GCC_NO_COMMON_BLOCKS = YES;
				GCC_OPTIMIZATION_LEVEL = 0;
				GCC_PREPROCESSOR_DEFINITIONS = (
					"DEBUG=1",
					"$(inherited)",
				);
				GCC_WARN_64_TO_32_BIT_CONVERSION = YES;
				GCC_WARN_ABOUT_RETURN_TYPE = YES_ERROR;
				GCC_WARN_UNDECLARED_SELECTOR = YES;
				GCC_WARN_UNINITIALIZED_AUTOS = YES_AGGRESSIVE;
				GCC_WARN_UNUSED_FUNCTION = YES;
				GCC_WARN_UNUSED_VARIABLE = YES;
				IPHONEOS_DEPLOYMENT_TARGET = 16.4;
				MTL_ENABLE_DEBUG_INFO = INCLUDE_SOURCE;
				MTL_FAST_MATH = YES;
				ONLY_ACTIVE_ARCH = YES;
				SDKROOT = iphoneos;
				SWIFT_ACTIVE_COMPILATION_CONDITIONS = DEBUG;
				SWIFT_OPTIMIZATION_LEVEL = "-Onone";
			};
			name = Debug;
		};
		2B49B4C529E04C4A00C87DA6 /* Release */ = {
			isa = XCBuildConfiguration;
			buildSettings = {
				ALWAYS_SEARCH_USER_PATHS = NO;
				CLANG_ANALYZER_NONNULL = YES;
				CLANG_ANALYZER_NUMBER_OBJECT_CONVERSION = YES_AGGRESSIVE;
				CLANG_CXX_LANGUAGE_STANDARD = "gnu++20";
				CLANG_ENABLE_MODULES = YES;
				CLANG_ENABLE_OBJC_ARC = YES;
				CLANG_ENABLE_OBJC_WEAK = YES;
				CLANG_WARN_BLOCK_CAPTURE_AUTORELEASING = YES;
				CLANG_WARN_BOOL_CONVERSION = YES;
				CLANG_WARN_COMMA = YES;
				CLANG_WARN_CONSTANT_CONVERSION = YES;
				CLANG_WARN_DEPRECATED_OBJC_IMPLEMENTATIONS = YES;
				CLANG_WARN_DIRECT_OBJC_ISA_USAGE = YES_ERROR;
				CLANG_WARN_DOCUMENTATION_COMMENTS = YES;
				CLANG_WARN_EMPTY_BODY = YES;
				CLANG_WARN_ENUM_CONVERSION = YES;
				CLANG_WARN_INFINITE_RECURSION = YES;
				CLANG_WARN_INT_CONVERSION = YES;
				CLANG_WARN_NON_LITERAL_NULL_CONVERSION = YES;
				CLANG_WARN_OBJC_IMPLICIT_RETAIN_SELF = YES;
				CLANG_WARN_OBJC_LITERAL_CONVERSION = YES;
				CLANG_WARN_OBJC_ROOT_CLASS = YES_ERROR;
				CLANG_WARN_QUOTED_INCLUDE_IN_FRAMEWORK_HEADER = YES;
				CLANG_WARN_RANGE_LOOP_ANALYSIS = YES;
				CLANG_WARN_STRICT_PROTOTYPES = YES;
				CLANG_WARN_SUSPICIOUS_MOVE = YES;
				CLANG_WARN_UNGUARDED_AVAILABILITY = YES_AGGRESSIVE;
				CLANG_WARN_UNREACHABLE_CODE = YES;
				CLANG_WARN__DUPLICATE_METHOD_MATCH = YES;
				COPY_PHASE_STRIP = NO;
				DEBUG_INFORMATION_FORMAT = "dwarf-with-dsym";
				ENABLE_NS_ASSERTIONS = NO;
				ENABLE_STRICT_OBJC_MSGSEND = YES;
				GCC_C_LANGUAGE_STANDARD = gnu11;
				GCC_NO_COMMON_BLOCKS = YES;
				GCC_WARN_64_TO_32_BIT_CONVERSION = YES;
				GCC_WARN_ABOUT_RETURN_TYPE = YES_ERROR;
				GCC_WARN_UNDECLARED_SELECTOR = YES;
				GCC_WARN_UNINITIALIZED_AUTOS = YES_AGGRESSIVE;
				GCC_WARN_UNUSED_FUNCTION = YES;
				GCC_WARN_UNUSED_VARIABLE = YES;
				IPHONEOS_DEPLOYMENT_TARGET = 16.4;
				MTL_ENABLE_DEBUG_INFO = NO;
				MTL_FAST_MATH = YES;
				SDKROOT = iphoneos;
				SWIFT_COMPILATION_MODE = wholemodule;
				SWIFT_OPTIMIZATION_LEVEL = "-O";
				VALIDATE_PRODUCT = YES;
			};
			name = Release;
		};
		2B49B4C729E04C4A00C87DA6 /* Debug */ = {
			isa = XCBuildConfiguration;
			baseConfigurationReference = 4E3BB4064EC3F5BE4E6D9184 /* Pods-eliss ios.debug.xcconfig */;
			buildSettings = {
				ASSETCATALOG_COMPILER_APPICON_NAME = AppIcon;
				ASSETCATALOG_COMPILER_GLOBAL_ACCENT_COLOR_NAME = AccentColor;
				CODE_SIGN_STYLE = Automatic;
				CURRENT_PROJECT_VERSION = 1;
				DEVELOPMENT_ASSET_PATHS = "\"eliss ios/Preview Content\"";
				DEVELOPMENT_TEAM = 77ZJ5XQ48Z;
				ENABLE_PREVIEWS = YES;
				GENERATE_INFOPLIST_FILE = YES;
				INFOPLIST_KEY_NSCameraUsageDescription = "This app uses the camera to capture video";
				INFOPLIST_KEY_UIApplicationSceneManifest_Generation = YES;
				INFOPLIST_KEY_UIApplicationSupportsIndirectInputEvents = YES;
				INFOPLIST_KEY_UILaunchScreen_Generation = YES;
				INFOPLIST_KEY_UISupportedInterfaceOrientations = "UIInterfaceOrientationLandscapeLeft UIInterfaceOrientationLandscapeRight UIInterfaceOrientationPortrait";
				INFOPLIST_KEY_UISupportedInterfaceOrientations_iPad = "UIInterfaceOrientationLandscapeLeft UIInterfaceOrientationLandscapeRight UIInterfaceOrientationPortrait UIInterfaceOrientationPortraitUpsideDown";
				IPHONEOS_DEPLOYMENT_TARGET = 15.0;
				LD_RUNPATH_SEARCH_PATHS = (
					"$(inherited)",
					"@executable_path/Frameworks",
				);
				MARKETING_VERSION = 1.0;
				PRODUCT_BUNDLE_IDENTIFIER = "com.darrelhong.eliss-ios";
				PRODUCT_NAME = "$(TARGET_NAME)";
				SWIFT_EMIT_LOC_STRINGS = YES;
				SWIFT_VERSION = 5.0;
				TARGETED_DEVICE_FAMILY = "1,2";
			};
			name = Debug;
		};
		2B49B4C829E04C4A00C87DA6 /* Release */ = {
			isa = XCBuildConfiguration;
			baseConfigurationReference = 769B17AEC4FDB9BE9F125730 /* Pods-eliss ios.release.xcconfig */;
			buildSettings = {
				ASSETCATALOG_COMPILER_APPICON_NAME = AppIcon;
				ASSETCATALOG_COMPILER_GLOBAL_ACCENT_COLOR_NAME = AccentColor;
				CODE_SIGN_STYLE = Automatic;
				CURRENT_PROJECT_VERSION = 1;
				DEVELOPMENT_ASSET_PATHS = "\"eliss ios/Preview Content\"";
				DEVELOPMENT_TEAM = 77ZJ5XQ48Z;
				ENABLE_PREVIEWS = YES;
				GENERATE_INFOPLIST_FILE = YES;
				INFOPLIST_KEY_NSCameraUsageDescription = "This app uses the camera to capture video";
				INFOPLIST_KEY_UIApplicationSceneManifest_Generation = YES;
				INFOPLIST_KEY_UIApplicationSupportsIndirectInputEvents = YES;
				INFOPLIST_KEY_UILaunchScreen_Generation = YES;
				INFOPLIST_KEY_UISupportedInterfaceOrientations = "UIInterfaceOrientationLandscapeLeft UIInterfaceOrientationLandscapeRight UIInterfaceOrientationPortrait";
				INFOPLIST_KEY_UISupportedInterfaceOrientations_iPad = "UIInterfaceOrientationLandscapeLeft UIInterfaceOrientationLandscapeRight UIInterfaceOrientationPortrait UIInterfaceOrientationPortraitUpsideDown";
				IPHONEOS_DEPLOYMENT_TARGET = 15.0;
				LD_RUNPATH_SEARCH_PATHS = (
					"$(inherited)",
					"@executable_path/Frameworks",
				);
				MARKETING_VERSION = 1.0;
				PRODUCT_BUNDLE_IDENTIFIER = "com.darrelhong.eliss-ios";
				PRODUCT_NAME = "$(TARGET_NAME)";
				SWIFT_EMIT_LOC_STRINGS = YES;
				SWIFT_VERSION = 5.0;
				TARGETED_DEVICE_FAMILY = "1,2";
			};
			name = Release;
		};
		2B49B4CA29E04C4A00C87DA6 /* Debug */ = {
			isa = XCBuildConfiguration;
			baseConfigurationReference = E8A7B3E39371FE95034D912C /* Pods-eliss iosTests.debug.xcconfig */;
			buildSettings = {
				ALWAYS_EMBED_SWIFT_STANDARD_LIBRARIES = YES;
				BUNDLE_LOADER = "$(TEST_HOST)";
				CODE_SIGN_STYLE = Automatic;
				CURRENT_PROJECT_VERSION = 1;
				DEVELOPMENT_TEAM = 77ZJ5XQ48Z;
				GENERATE_INFOPLIST_FILE = YES;
				IPHONEOS_DEPLOYMENT_TARGET = 16.4;
				MARKETING_VERSION = 1.0;
				PRODUCT_BUNDLE_IDENTIFIER = "com.darrelhong.eliss-iosTests";
				PRODUCT_NAME = "$(TARGET_NAME)";
				SWIFT_EMIT_LOC_STRINGS = NO;
				SWIFT_VERSION = 5.0;
				TARGETED_DEVICE_FAMILY = "1,2";
				TEST_HOST = "$(BUILT_PRODUCTS_DIR)/eliss ios.app/$(BUNDLE_EXECUTABLE_FOLDER_PATH)/eliss ios";
			};
			name = Debug;
		};
		2B49B4CB29E04C4A00C87DA6 /* Release */ = {
			isa = XCBuildConfiguration;
			baseConfigurationReference = AABBE423ABA95E181CD85E0F /* Pods-eliss iosTests.release.xcconfig */;
			buildSettings = {
				ALWAYS_EMBED_SWIFT_STANDARD_LIBRARIES = YES;
				BUNDLE_LOADER = "$(TEST_HOST)";
				CODE_SIGN_STYLE = Automatic;
				CURRENT_PROJECT_VERSION = 1;
				DEVELOPMENT_TEAM = 77ZJ5XQ48Z;
				GENERATE_INFOPLIST_FILE = YES;
				IPHONEOS_DEPLOYMENT_TARGET = 16.4;
				MARKETING_VERSION = 1.0;
				PRODUCT_BUNDLE_IDENTIFIER = "com.darrelhong.eliss-iosTests";
				PRODUCT_NAME = "$(TARGET_NAME)";
				SWIFT_EMIT_LOC_STRINGS = NO;
				SWIFT_VERSION = 5.0;
				TARGETED_DEVICE_FAMILY = "1,2";
				TEST_HOST = "$(BUILT_PRODUCTS_DIR)/eliss ios.app/$(BUNDLE_EXECUTABLE_FOLDER_PATH)/eliss ios";
			};
			name = Release;
		};
		2B49B4CD29E04C4A00C87DA6 /* Debug */ = {
			isa = XCBuildConfiguration;
			baseConfigurationReference = D0F31DB91C6DB58BA5FF271B /* Pods-eliss ios-eliss iosUITests.debug.xcconfig */;
			buildSettings = {
				ALWAYS_EMBED_SWIFT_STANDARD_LIBRARIES = YES;
				CODE_SIGN_STYLE = Automatic;
				CURRENT_PROJECT_VERSION = 1;
				DEVELOPMENT_TEAM = 77ZJ5XQ48Z;
				GENERATE_INFOPLIST_FILE = YES;
				MARKETING_VERSION = 1.0;
				PRODUCT_BUNDLE_IDENTIFIER = "com.darrelhong.eliss-iosUITests";
				PRODUCT_NAME = "$(TARGET_NAME)";
				SWIFT_EMIT_LOC_STRINGS = NO;
				SWIFT_VERSION = 5.0;
				TARGETED_DEVICE_FAMILY = "1,2";
				TEST_TARGET_NAME = "eliss ios";
			};
			name = Debug;
		};
		2B49B4CE29E04C4A00C87DA6 /* Release */ = {
			isa = XCBuildConfiguration;
			baseConfigurationReference = D2E5290575A41CE4EDF5D4AD /* Pods-eliss ios-eliss iosUITests.release.xcconfig */;
			buildSettings = {
				ALWAYS_EMBED_SWIFT_STANDARD_LIBRARIES = YES;
				CODE_SIGN_STYLE = Automatic;
				CURRENT_PROJECT_VERSION = 1;
				DEVELOPMENT_TEAM = 77ZJ5XQ48Z;
				GENERATE_INFOPLIST_FILE = YES;
				MARKETING_VERSION = 1.0;
				PRODUCT_BUNDLE_IDENTIFIER = "com.darrelhong.eliss-iosUITests";
				PRODUCT_NAME = "$(TARGET_NAME)";
				SWIFT_EMIT_LOC_STRINGS = NO;
				SWIFT_VERSION = 5.0;
				TARGETED_DEVICE_FAMILY = "1,2";
				TEST_TARGET_NAME = "eliss ios";
			};
			name = Release;
		};
/* End XCBuildConfiguration section */

/* Begin XCConfigurationList section */
		2B49B49D29E04C4800C87DA6 /* Build configuration list for PBXProject "eliss ios" */ = {
			isa = XCConfigurationList;
			buildConfigurations = (
				2B49B4C429E04C4A00C87DA6 /* Debug */,
				2B49B4C529E04C4A00C87DA6 /* Release */,
			);
			defaultConfigurationIsVisible = 0;
			defaultConfigurationName = Release;
		};
		2B49B4C629E04C4A00C87DA6 /* Build configuration list for PBXNativeTarget "eliss ios" */ = {
			isa = XCConfigurationList;
			buildConfigurations = (
				2B49B4C729E04C4A00C87DA6 /* Debug */,
				2B49B4C829E04C4A00C87DA6 /* Release */,
			);
			defaultConfigurationIsVisible = 0;
			defaultConfigurationName = Release;
		};
		2B49B4C929E04C4A00C87DA6 /* Build configuration list for PBXNativeTarget "eliss iosTests" */ = {
			isa = XCConfigurationList;
			buildConfigurations = (
				2B49B4CA29E04C4A00C87DA6 /* Debug */,
				2B49B4CB29E04C4A00C87DA6 /* Release */,
			);
			defaultConfigurationIsVisible = 0;
			defaultConfigurationName = Release;
		};
		2B49B4CC29E04C4A00C87DA6 /* Build configuration list for PBXNativeTarget "eliss iosUITests" */ = {
			isa = XCConfigurationList;
			buildConfigurations = (
				2B49B4CD29E04C4A00C87DA6 /* Debug */,
				2B49B4CE29E04C4A00C87DA6 /* Release */,
			);
			defaultConfigurationIsVisible = 0;
			defaultConfigurationName = Release;
		};
/* End XCConfigurationList section */
	};
	rootObject = 2B49B49A29E04C4800C87DA6 /* Project object */;
}
